
Microsoft Visual Studio Solution File, Format Version 12.00
# Visual Studio Version 17
VisualStudioVersion = 17.14.36518.9
MinimumVisualStudioVersion = 10.0.40219.1
Project("{FAE04EC0-301F-11D3-BF4B-00C04F79EFBC}") = "RitcherConsoleEngine", "RitcherConsoleEngine\RitcherConsoleEngine.csproj", "{AC535144-ACE8-40CD-B04D-BE2CBE5A55B8}"
EndProject
Project("{FAE04EC0-301F-11D3-BF4B-00C04F79EFBC}") = "TestRCE", "Examples\TestRCE\TestRCE.csproj", "{B42BF39B-AC8F-4DA0-B6EF-3295BA2B82FF}"
EndProject
Global
	GlobalSection(SolutionConfigurationPlatforms) = preSolution
		Debug|Any CPU = Debug|Any CPU
		Release|Any CPU = Release|Any CPU
	EndGlobalSection
	GlobalSection(ProjectConfigurationPlatforms) = postSolution
		{AC535144-ACE8-40CD-B04D-BE2CBE5A55B8}.Debug|Any CPU.ActiveCfg = Debug|Any CPU
		{AC535144-ACE8-40CD-B04D-BE2CBE5A55B8}.Debug|Any CPU.Build.0 = Debug|Any CPU
		{AC535144-ACE8-40CD-B04D-BE2CBE5A55B8}.Release|Any CPU.ActiveCfg = Release|Any CPU
		{AC535144-ACE8-40CD-B04D-BE2CBE5A55B8}.Release|Any CPU.Build.0 = Release|Any CPU
		{B42BF39B-AC8F-4DA0-B6EF-3295BA2B82FF}.Debug|Any CPU.ActiveCfg = Debug|Any CPU
		{B42BF39B-AC8F-4DA0-B6EF-3295BA2B82FF}.Debug|Any CPU.Build.0 = Debug|Any CPU
		{B42BF39B-AC8F-4DA0-B6EF-3295BA2B82FF}.Release|Any CPU.ActiveCfg = Release|Any CPU
		{B42BF39B-AC8F-4DA0-B6EF-3295BA2B82FF}.Release|Any CPU.Build.0 = Release|Any CPU
	EndGlobalSection
	GlobalSection(SolutionProperties) = preSolution
		HideSolutionNode = FALSE
	EndGlobalSection
	GlobalSection(ExtensibilityGlobals) = postSolution
		SolutionGuid = {920AC736-D392-4209-B234-5DA223186A2C}
	EndGlobalSection
EndGlobal
